
Microsoft Visual Studio Solution File, Format Version 12.00
# Visual Studio Version 17
VisualStudioVersion = 17.14.36327.8 d17.14
MinimumVisualStudioVersion = 10.0.40219.1
Project("{FAE04EC0-301F-11D3-BF4B-00C04F79EFBC}") = "project1", "project1\project1.csproj", "{03483AFA-FED6-4888-90E5-D7BD8741B1DE}"
EndProject
Global
	GlobalSection(SolutionConfigurationPlatforms) = preSolution
		Debug|Any CPU = Debug|Any CPU
		Release|Any CPU = Release|Any CPU
	EndGlobalSection
	GlobalSection(ProjectConfigurationPlatforms) = postSolution
		{03483AFA-FED6-4888-90E5-D7BD8741B1DE}.Debug|Any CPU.ActiveCfg = Debug|Any CPU
		{03483AFA-FED6-4888-90E5-D7BD8741B1DE}.Debug|Any CPU.Build.0 = Debug|Any CPU
		{03483AFA-FED6-4888-90E5-D7BD8741B1DE}.Release|Any CPU.ActiveCfg = Release|Any CPU
		{03483AFA-FED6-4888-90E5-D7BD8741B1DE}.Release|Any CPU.Build.0 = Release|Any CPU
	EndGlobalSection
	GlobalSection(SolutionProperties) = preSolution
		HideSolutionNode = FALSE
	EndGlobalSection
	GlobalSection(ExtensibilityGlobals) = postSolution
		SolutionGuid = {66E5DD41-0597-41A4-AE52-6070F8DD3489}
	EndGlobalSection
EndGlobal
