
Microsoft Visual Studio Solution File, Format Version 12.00
# Visual Studio Version 17
VisualStudioVersion = 17.14.36327.8 d17.14
MinimumVisualStudioVersion = 10.0.40219.1
Project("{FAE04EC0-301F-11D3-BF4B-00C04F79EFBC}") = "Volleyball_PointCounter", "Volleyball_PointCounter\Volleyball_PointCounter.csproj", "{623DB029-DC8E-489E-9279-219EF3B3A2D8}"
EndProject
Global
	GlobalSection(SolutionConfigurationPlatforms) = preSolution
		Debug|Any CPU = Debug|Any CPU
		Release|Any CPU = Release|Any CPU
	EndGlobalSection
	GlobalSection(ProjectConfigurationPlatforms) = postSolution
		{623DB029-DC8E-489E-9279-219EF3B3A2D8}.Debug|Any CPU.ActiveCfg = Debug|Any CPU
		{623DB029-DC8E-489E-9279-219EF3B3A2D8}.Debug|Any CPU.Build.0 = Debug|Any CPU
		{623DB029-DC8E-489E-9279-219EF3B3A2D8}.Release|Any CPU.ActiveCfg = Release|Any CPU
		{623DB029-DC8E-489E-9279-219EF3B3A2D8}.Release|Any CPU.Build.0 = Release|Any CPU
	EndGlobalSection
	GlobalSection(SolutionProperties) = preSolution
		HideSolutionNode = FALSE
	EndGlobalSection
	GlobalSection(ExtensibilityGlobals) = postSolution
		SolutionGuid = {3D88DD47-5271-4A05-8C06-BA8FCEB30DF0}
	EndGlobalSection
EndGlobal
