
Microsoft Visual Studio Solution File, Format Version 12.00
# Visual Studio Version 17
VisualStudioVersion = 17.14.36518.9 d17.14
MinimumVisualStudioVersion = 10.0.40219.1
Project("{FAE04EC0-301F-11D3-BF4B-00C04F79EFBC}") = "TuLekciq2", "TuLekciq2\TuLekciq2.csproj", "{53AD64C5-28FD-4173-8572-8E7FCA761B60}"
EndProject
Global
	GlobalSection(SolutionConfigurationPlatforms) = preSolution
		Debug|Any CPU = Debug|Any CPU
		Release|Any CPU = Release|Any CPU
	EndGlobalSection
	GlobalSection(ProjectConfigurationPlatforms) = postSolution
		{53AD64C5-28FD-4173-8572-8E7FCA761B60}.Debug|Any CPU.ActiveCfg = Debug|Any CPU
		{53AD64C5-28FD-4173-8572-8E7FCA761B60}.Debug|Any CPU.Build.0 = Debug|Any CPU
		{53AD64C5-28FD-4173-8572-8E7FCA761B60}.Release|Any CPU.ActiveCfg = Release|Any CPU
		{53AD64C5-28FD-4173-8572-8E7FCA761B60}.Release|Any CPU.Build.0 = Release|Any CPU
	EndGlobalSection
	GlobalSection(SolutionProperties) = preSolution
		HideSolutionNode = FALSE
	EndGlobalSection
	GlobalSection(ExtensibilityGlobals) = postSolution
		SolutionGuid = {E4B7C81C-F89E-4829-AC0E-3A32D0DD862B}
	EndGlobalSection
EndGlobal
